#MicroXplorer Configuration settings - do not modify
ADC.ContinuousConvMode=ENABLE
ADC.DMAContinuousRequests=ENABLE
ADC.IPParameters=ContinuousConvMode,DMAContinuousRequests
File.Version=6
KeepUserPlacement=false
Mcu.Family=STM32F0
Mcu.IP0=ADC
Mcu.IP1=NVIC
Mcu.IP2=RCC
Mcu.IP3=SPI1
Mcu.IP4=SYS
Mcu.IP5=TIM1
Mcu.IP6=USART1
Mcu.IPNb=7
Mcu.Name=STM32F030K6Tx
Mcu.Package=LQFP32
Mcu.Pin0=PF0-OSC_IN
Mcu.Pin1=PF1-OSC_OUT
Mcu.Pin10=PA9
Mcu.Pin11=PA10
Mcu.Pin12=PA13
Mcu.Pin13=PA14
Mcu.Pin14=PA15
Mcu.Pin15=PB3
Mcu.Pin16=PB5
Mcu.Pin17=VP_SYS_VS_Systick
Mcu.Pin2=PA0
Mcu.Pin3=PA1
Mcu.Pin4=PA2
Mcu.Pin5=PA3
Mcu.Pin6=PA4
Mcu.Pin7=PA5
Mcu.Pin8=PA6
Mcu.Pin9=PA8
Mcu.PinsNb=18
Mcu.UserConstants=
Mcu.UserName=STM32F030K6Tx
MxCube.Version=4.18.0
MxDb.Version=DB.4.0.180
NVIC.HardFault_IRQn=true\:0\:0\:false\:false\:true
NVIC.NonMaskableInt_IRQn=true\:0\:0\:false\:false\:true
NVIC.PendSV_IRQn=true\:0\:0\:false\:false\:true
NVIC.SVC_IRQn=true\:0\:0\:false\:false\:true
NVIC.SysTick_IRQn=true\:0\:0\:false\:false\:true
PA0.Mode=IN0
PA0.Signal=ADC_IN0
PA1.Locked=true
PA1.Mode=Hardware Flow Control (RS485)
PA1.Signal=USART1_DE
PA10.Signal=S_TIM1_CH3
PA13.Mode=Serial_Wire
PA13.Signal=SYS_SWDIO
PA14.Mode=Serial_Wire
PA14.Signal=SYS_SWCLK
PA15.Locked=true
PA15.Signal=SPI1_NSS
PA2.Locked=true
PA2.Mode=Asynchronous
PA2.Signal=USART1_TX
PA3.Locked=true
PA3.Mode=Asynchronous
PA3.Signal=USART1_RX
PA4.Mode=IN4
PA4.Signal=ADC_IN4
PA5.Mode=IN5
PA5.Signal=ADC_IN5
PA6.Mode=IN6
PA6.Signal=ADC_IN6
PA8.Signal=S_TIM1_CH1
PA9.Signal=S_TIM1_CH2
PB3.Locked=true
PB3.Mode=Simplex_Bidirectional_Master
PB3.Signal=SPI1_SCK
PB5.Locked=true
PB5.Mode=Simplex_Bidirectional_Master
PB5.Signal=SPI1_MOSI
PCC.Checker=false
PCC.Line=STM32F0x0 Value Line
PCC.MCU=STM32F030K6Tx
PCC.MXVersion=4.18.0
PCC.PartNumber=STM32F030K6Tx
PCC.Seq0=1
PCC.Seq0.Step0.Average_Current=11.66 mA
PCC.Seq0.Step0.CPU_Frequency=48.0 MHz
PCC.Seq0.Step0.Category=In DS Table
PCC.Seq0.Step0.DMIPS=0.0
PCC.Seq0.Step0.Duration=1 ms
PCC.Seq0.Step0.Frequency=8.0 MHz
PCC.Seq0.Step0.Memory=FLASH
PCC.Seq0.Step0.Mode=RUN
PCC.Seq0.Step0.Oscillator=HSE PLL All IPs OFF
PCC.Seq0.Step0.Peripherals=
PCC.Seq0.Step0.TaMax=102.65
PCC.Seq0.Step0.User's_Consumption=0 mA
PCC.Seq0.Step0.Vcore=No Scale
PCC.Seq0.Step0.Vdd=3.6
PCC.Seq0.Step0.Voltage_Source=Vbus
PCC.Series=STM32F0
PCC.Temperature=25
PCC.Vdd=3.6
PF0-OSC_IN.Mode=HSE-External-Oscillator
PF0-OSC_IN.Signal=RCC_OSC_IN
PF1-OSC_OUT.Mode=HSE-External-Oscillator
PF1-OSC_OUT.Signal=RCC_OSC_OUT
RCC.FamilyName=M
RCC.IPParameters=FamilyName,PLLCLKFreq_Value,PLLMCOFreq_Value,TimSysFreq_Value
RCC.PLLCLKFreq_Value=8000000
RCC.PLLMCOFreq_Value=8000000
RCC.TimSysFreq_Value=8000000
SH.S_TIM1_CH1.0=TIM1_CH1,PWM Generation1 CH1
SH.S_TIM1_CH1.ConfNb=1
SH.S_TIM1_CH2.0=TIM1_CH2,PWM Generation2 CH2
SH.S_TIM1_CH2.ConfNb=1
SH.S_TIM1_CH3.0=TIM1_CH3,PWM Generation3 CH3
SH.S_TIM1_CH3.ConfNb=1
SPI1.CalculateBaudRate=4.0 MBits/s
SPI1.Direction=SPI_DIRECTION_1LINE
SPI1.IPParameters=Mode,Direction,CalculateBaudRate
SPI1.Mode=SPI_MODE_MASTER
TIM1.AutoReloadPreload=TIM_AUTORELOAD_PRELOAD_ENABLE
TIM1.Channel-PWM\ Generation2\ CH2=TIM_CHANNEL_2
TIM1.Channel-PWM\ Generation3\ CH3=TIM_CHANNEL_3
TIM1.IPParameters=Channel-PWM Generation2 CH2,Channel-PWM Generation3 CH3,Pulse-PWM Generation1 CH1,Pulse-PWM Generation2 CH2,Pulse-PWM Generation3 CH3,Period,AutoReloadPreload
TIM1.Period=0
TIM1.Pulse-PWM\ Generation1\ CH1=32000
TIM1.Pulse-PWM\ Generation2\ CH2=32000
TIM1.Pulse-PWM\ Generation3\ CH3=32000
VP_SYS_VS_Systick.Mode=SysTick
VP_SYS_VS_Systick.Signal=SYS_VS_Systick
